
Microsoft Visual Studio Solution File, Format Version 12.00
# Visual Studio Version 17
VisualStudioVersion = 17.6.33723.286
MinimumVisualStudioVersion = 10.0.40219.1
Project("{8BC9CEB8-8B4A-11D0-8D11-00A0C91BC942}") = "Learning_SFML", "Learning_SFML\Learning_SFML.vcxproj", "{FC588D6E-EE35-4732-B9C7-8A8BFC8CC06E}"
EndProject
Global
	GlobalSection(SolutionConfigurationPlatforms) = preSolution
		Debug|x64 = Debug|x64
		Debug|x86 = Debug|x86
		Release|x64 = Release|x64
		Release|x86 = Release|x86
	EndGlobalSection
	GlobalSection(ProjectConfigurationPlatforms) = postSolution
		{FC588D6E-EE35-4732-B9C7-8A8BFC8CC06E}.Debug|x64.ActiveCfg = Debug|x64
		{FC588D6E-EE35-4732-B9C7-8A8BFC8CC06E}.Debug|x64.Build.0 = Debug|x64
		{FC588D6E-EE35-4732-B9C7-8A8BFC8CC06E}.Debug|x86.ActiveCfg = Debug|Win32
		{FC588D6E-EE35-4732-B9C7-8A8BFC8CC06E}.Debug|x86.Build.0 = Debug|Win32
		{FC588D6E-EE35-4732-B9C7-8A8BFC8CC06E}.Release|x64.ActiveCfg = Release|x64
		{FC588D6E-EE35-4732-B9C7-8A8BFC8CC06E}.Release|x64.Build.0 = Release|x64
		{FC588D6E-EE35-4732-B9C7-8A8BFC8CC06E}.Release|x86.ActiveCfg = Release|Win32
		{FC588D6E-EE35-4732-B9C7-8A8BFC8CC06E}.Release|x86.Build.0 = Release|Win32
	EndGlobalSection
	GlobalSection(SolutionProperties) = preSolution
		HideSolutionNode = FALSE
	EndGlobalSection
	GlobalSection(ExtensibilityGlobals) = postSolution
		SolutionGuid = {3F9CB5DF-6E3F-42B8-92D9-C8119E88BF0E}
	EndGlobalSection
EndGlobal
